
Microsoft Visual Studio Solution File, Format Version 12.00
# Visual Studio Version 17
VisualStudioVersion = 17.14.36221.1
MinimumVisualStudioVersion = 10.0.40219.1
Project("{FAE04EC0-301F-11D3-BF4B-00C04F79EFBC}") = "AzAgroPOS.DAL", "AzAgroPOS.DAL\AzAgroPOS.DAL.csproj", "{B3A51984-3724-48F9-A582-4E8D9D6955F0}"
EndProject
Project("{FAE04EC0-301F-11D3-BF4B-00C04F79EFBC}") = "AzAgroPOS.BLL", "AzAgroPOS.BLL\AzAgroPOS.BLL.csproj", "{7D9C40CE-5D16-4637-9A29-D8B002EF570C}"
EndProject
Project("{FAE04EC0-301F-11D3-BF4B-00C04F79EFBC}") = "AzAgroPOS.PL", "AzAgroPOS.PL\AzAgroPOS.PL.csproj", "{BB8C8822-1261-42E5-A7BB-21644F1B9091}"
EndProject
Project("{FAE04EC0-301F-11D3-BF4B-00C04F79EFBC}") = "AzAgroPOS.Entities", "AzAgroPOS.Entities\AzAgroPOS.Entities.csproj", "{21C6F220-C858-4436-89C4-5C0AB8E05893}"
EndProject
Project("{FAE04EC0-301F-11D3-BF4B-00C04F79EFBC}") = "AzAgroPOS.Tests", "AzAgroPOS.Tests\AzAgroPOS.Tests.csproj", "{F69EC723-CEC9-4F70-821C-18A5E9263B12}"
EndProject
Project("{00D1A9C2-B5F0-4AF3-8072-F6C62B433612}") = "AzAgroPOS.DB", "AzAgroPOS.DB\AzAgroPOS.DB.sqlproj", "{15781151-6273-46F9-8A51-EB8063A1DCC2}"
EndProject
Global
	GlobalSection(SolutionConfigurationPlatforms) = preSolution
		Debug|Any CPU = Debug|Any CPU
		Release|Any CPU = Release|Any CPU
	EndGlobalSection
	GlobalSection(ProjectConfigurationPlatforms) = postSolution
		{B3A51984-3724-48F9-A582-4E8D9D6955F0}.Debug|Any CPU.ActiveCfg = Debug|Any CPU
		{B3A51984-3724-48F9-A582-4E8D9D6955F0}.Debug|Any CPU.Build.0 = Debug|Any CPU
		{B3A51984-3724-48F9-A582-4E8D9D6955F0}.Release|Any CPU.ActiveCfg = Release|Any CPU
		{B3A51984-3724-48F9-A582-4E8D9D6955F0}.Release|Any CPU.Build.0 = Release|Any CPU
		{7D9C40CE-5D16-4637-9A29-D8B002EF570C}.Debug|Any CPU.ActiveCfg = Debug|Any CPU
		{7D9C40CE-5D16-4637-9A29-D8B002EF570C}.Debug|Any CPU.Build.0 = Debug|Any CPU
		{7D9C40CE-5D16-4637-9A29-D8B002EF570C}.Release|Any CPU.ActiveCfg = Release|Any CPU
		{7D9C40CE-5D16-4637-9A29-D8B002EF570C}.Release|Any CPU.Build.0 = Release|Any CPU
		{BB8C8822-1261-42E5-A7BB-21644F1B9091}.Debug|Any CPU.ActiveCfg = Debug|Any CPU
		{BB8C8822-1261-42E5-A7BB-21644F1B9091}.Debug|Any CPU.Build.0 = Debug|Any CPU
		{BB8C8822-1261-42E5-A7BB-21644F1B9091}.Release|Any CPU.ActiveCfg = Release|Any CPU
		{BB8C8822-1261-42E5-A7BB-21644F1B9091}.Release|Any CPU.Build.0 = Release|Any CPU
		{21C6F220-C858-4436-89C4-5C0AB8E05893}.Debug|Any CPU.ActiveCfg = Debug|Any CPU
		{21C6F220-C858-4436-89C4-5C0AB8E05893}.Debug|Any CPU.Build.0 = Debug|Any CPU
		{21C6F220-C858-4436-89C4-5C0AB8E05893}.Release|Any CPU.ActiveCfg = Release|Any CPU
		{21C6F220-C858-4436-89C4-5C0AB8E05893}.Release|Any CPU.Build.0 = Release|Any CPU
		{F69EC723-CEC9-4F70-821C-18A5E9263B12}.Debug|Any CPU.ActiveCfg = Debug|Any CPU
		{F69EC723-CEC9-4F70-821C-18A5E9263B12}.Debug|Any CPU.Build.0 = Debug|Any CPU
		{F69EC723-CEC9-4F70-821C-18A5E9263B12}.Release|Any CPU.ActiveCfg = Release|Any CPU
		{F69EC723-CEC9-4F70-821C-18A5E9263B12}.Release|Any CPU.Build.0 = Release|Any CPU
		{15781151-6273-46F9-8A51-EB8063A1DCC2}.Debug|Any CPU.ActiveCfg = Debug|Any CPU
		{15781151-6273-46F9-8A51-EB8063A1DCC2}.Debug|Any CPU.Build.0 = Debug|Any CPU
		{15781151-6273-46F9-8A51-EB8063A1DCC2}.Debug|Any CPU.Deploy.0 = Debug|Any CPU
		{15781151-6273-46F9-8A51-EB8063A1DCC2}.Release|Any CPU.ActiveCfg = Release|Any CPU
		{15781151-6273-46F9-8A51-EB8063A1DCC2}.Release|Any CPU.Build.0 = Release|Any CPU
		{15781151-6273-46F9-8A51-EB8063A1DCC2}.Release|Any CPU.Deploy.0 = Release|Any CPU
	EndGlobalSection
	GlobalSection(SolutionProperties) = preSolution
		HideSolutionNode = FALSE
	EndGlobalSection
	GlobalSection(ExtensibilityGlobals) = postSolution
		SolutionGuid = {2EA19DBE-1CBB-436F-BC62-A75BE1B779D8}
	EndGlobalSection
EndGlobal
